
Microsoft Visual Studio Solution File, Format Version 12.00
# Visual Studio Version 16
VisualStudioVersion = 16.0.29025.244
MinimumVisualStudioVersion = 10.0.40219.1
Project("{FAE04EC0-301F-11D3-BF4B-00C04F79EFBC}") = "International-Phonetic-Esoteric-Language", "International-Phonetic-Esoteric-Language.csproj", "{BFDF95D1-8DE7-4E3F-B1C6-7BB93DC32BFB}"
EndProject
Global
	GlobalSection(SolutionConfigurationPlatforms) = preSolution
		Debug|Any CPU = Debug|Any CPU
		Release|Any CPU = Release|Any CPU
	EndGlobalSection
	GlobalSection(ProjectConfigurationPlatforms) = postSolution
		{BFDF95D1-8DE7-4E3F-B1C6-7BB93DC32BFB}.Debug|Any CPU.ActiveCfg = Debug|Any CPU
		{BFDF95D1-8DE7-4E3F-B1C6-7BB93DC32BFB}.Debug|Any CPU.Build.0 = Debug|Any CPU
		{BFDF95D1-8DE7-4E3F-B1C6-7BB93DC32BFB}.Release|Any CPU.ActiveCfg = Release|Any CPU
		{BFDF95D1-8DE7-4E3F-B1C6-7BB93DC32BFB}.Release|Any CPU.Build.0 = Release|Any CPU
	EndGlobalSection
	GlobalSection(SolutionProperties) = preSolution
		HideSolutionNode = FALSE
	EndGlobalSection
	GlobalSection(ExtensibilityGlobals) = postSolution
		SolutionGuid = {80250EB9-70B3-42B1-BA2F-1C9033D08E58}
	EndGlobalSection
EndGlobal
